
Microsoft Visual Studio Solution File, Format Version 12.00
# Visual Studio Version 17
VisualStudioVersion = 17.4.33213.308
MinimumVisualStudioVersion = 10.0.40219.1
Project("{9A19103F-16F7-4668-BE54-9A1E7A4F7556}") = "Proyecto2_Web_SophiaSiguere", "Proyecto2_Web_SophiaSiguere\Proyecto2_Web_SophiaSiguere.csproj", "{04BAC5A0-EF62-4482-8CF6-C7969CA35BB4}"
EndProject
Project("{9A19103F-16F7-4668-BE54-9A1E7A4F7556}") = "ProgramacionWeb_1057719_Project", "ProgramacionWeb_1057719_Project\ProgramacionWeb_1057719_Project.csproj", "{CACC2169-1334-4239-BBA1-DE2389B99D7A}"
EndProject
Project("{9A19103F-16F7-4668-BE54-9A1E7A4F7556}") = "BolsasSiguereModel", "BolsasSiguereModel\BolsasSiguereModel.csproj", "{466D444C-4024-4AB6-AE0E-B7471F198822}"
EndProject
Global
	GlobalSection(SolutionConfigurationPlatforms) = preSolution
		Debug|Any CPU = Debug|Any CPU
		Release|Any CPU = Release|Any CPU
	EndGlobalSection
	GlobalSection(ProjectConfigurationPlatforms) = postSolution
		{04BAC5A0-EF62-4482-8CF6-C7969CA35BB4}.Debug|Any CPU.ActiveCfg = Debug|Any CPU
		{04BAC5A0-EF62-4482-8CF6-C7969CA35BB4}.Debug|Any CPU.Build.0 = Debug|Any CPU
		{04BAC5A0-EF62-4482-8CF6-C7969CA35BB4}.Release|Any CPU.ActiveCfg = Release|Any CPU
		{04BAC5A0-EF62-4482-8CF6-C7969CA35BB4}.Release|Any CPU.Build.0 = Release|Any CPU
		{CACC2169-1334-4239-BBA1-DE2389B99D7A}.Debug|Any CPU.ActiveCfg = Debug|Any CPU
		{CACC2169-1334-4239-BBA1-DE2389B99D7A}.Debug|Any CPU.Build.0 = Debug|Any CPU
		{CACC2169-1334-4239-BBA1-DE2389B99D7A}.Release|Any CPU.ActiveCfg = Release|Any CPU
		{CACC2169-1334-4239-BBA1-DE2389B99D7A}.Release|Any CPU.Build.0 = Release|Any CPU
		{466D444C-4024-4AB6-AE0E-B7471F198822}.Debug|Any CPU.ActiveCfg = Debug|Any CPU
		{466D444C-4024-4AB6-AE0E-B7471F198822}.Debug|Any CPU.Build.0 = Debug|Any CPU
		{466D444C-4024-4AB6-AE0E-B7471F198822}.Release|Any CPU.ActiveCfg = Release|Any CPU
		{466D444C-4024-4AB6-AE0E-B7471F198822}.Release|Any CPU.Build.0 = Release|Any CPU
	EndGlobalSection
	GlobalSection(SolutionProperties) = preSolution
		HideSolutionNode = FALSE
	EndGlobalSection
	GlobalSection(ExtensibilityGlobals) = postSolution
		SolutionGuid = {B89D7212-BBD1-47F1-8ECE-C5B8452CCDDD}
	EndGlobalSection
EndGlobal
